{
  "pins" : [
    {
      "identity" : "codeeditlanguages",
      "kind" : "remoteSourceControl",
      "location" : "https://github.com/crabtree-michael/CodeEditLanguages",
      "state" : {
        "revision" : "3d3c63b9ec49f496058a6301803ddfcd9d149cb1"
      }
    },
    {
      "identity" : "mainoffender",
      "kind" : "remoteSourceControl",
      "location" : "https://github.com/mattmassicotte/MainOffender",
      "state" : {
        "revision" : "8de872d9256ff7f9913cbc5dd560568ab164be45",
        "version" : "0.2.1"
      }
    },
    {
      "identity" : "realm-core",
      "kind" : "remoteSourceControl",
      "location" : "https://github.com/realm/realm-core.git",
      "state" : {
        "revision" : "a5e87a39cffdcc591f3203c11cfca68100d0b9a6",
        "version" : "13.26.0"
      }
    },
    {
      "identity" : "realm-swift",
      "kind" : "remoteSourceControl",
      "location" : "https://github.com/realm/realm-swift.git",
      "state" : {
        "branch" : "master",
        "revision" : "dfb165eff87906651e552d824fa1973564a498c4"
      }
    },
    {
      "identity" : "rearrange",
      "kind" : "remoteSourceControl",
      "location" : "https://github.com/ChimeHQ/Rearrange",
      "state" : {
        "revision" : "5ff7f3363f7a08f77e0d761e38e6add31c2136e1",
        "version" : "1.8.1"
      }
    },
    {
      "identity" : "swift-atomics",
      "kind" : "remoteSourceControl",
      "location" : "https://github.com/apple/swift-atomics.git",
      "state" : {
        "revision" : "cd142fd2f64be2100422d658e7411e39489da985",
        "version" : "1.2.0"
      }
    },
    {
      "identity" : "swift-collections",
      "kind" : "remoteSourceControl",
      "location" : "https://github.com/apple/swift-collections.git",
      "state" : {
        "revision" : "d029d9d39c87bed85b1c50adee7c41795261a192",
        "version" : "1.0.6"
      }
    },
    {
      "identity" : "swift-crypto",
      "kind" : "remoteSourceControl",
      "location" : "https://github.com/apple/swift-crypto.git",
      "state" : {
        "revision" : "60f13f60c4d093691934dc6cfdf5f508ada1f894",
        "version" : "2.6.0"
      }
    },
    {
      "identity" : "swift-nio",
      "kind" : "remoteSourceControl",
      "location" : "https://github.com/apple/swift-nio.git",
      "state" : {
        "revision" : "702cd7c56d5d44eeba73fdf83918339b26dc855c",
        "version" : "2.62.0"
      }
    },
    {
      "identity" : "swift-nio-ssh",
      "kind" : "remoteSourceControl",
      "location" : "https://github.com/apple/swift-nio-ssh",
      "state" : {
        "revision" : "ded5e5ce4ef1b2c29933088651fa66c89e2175d2",
        "version" : "0.8.0"
      }
    },
    {
      "identity" : "swiftterm",
      "kind" : "remoteSourceControl",
      "location" : "https://github.com/crabtree-michael/SwiftTerm",
      "state" : {
        "branch" : "visioncode",
        "revision" : "09fbce0e82671b91a8961abe873fa87e86e8a74b"
      }
    },
    {
      "identity" : "swifttreesitter",
      "kind" : "remoteSourceControl",
      "location" : "https://github.com/ChimeHQ/SwiftTreeSitter",
      "state" : {
        "revision" : "2599e95310b3159641469d8a21baf2d3d200e61f",
        "version" : "0.8.0"
      }
    },
    {
      "identity" : "textformation",
      "kind" : "remoteSourceControl",
      "location" : "https://github.com/ChimeHQ/TextFormation",
      "state" : {
        "revision" : "284f40302ce797a47a090a884bc6886b275a07ac"
      }
    },
    {
      "identity" : "textstory",
      "kind" : "remoteSourceControl",
      "location" : "https://github.com/ChimeHQ/TextStory",
      "state" : {
        "revision" : "8883fa739aa213e70e6cb109bfbf0a0b551e4cb5",
        "version" : "0.8.0"
      }
    }
  ],
  "version" : 2
}
