// !$*UTF8*$!
{
	archiveVersion = 1;
	classes = {
	};
	objectVersion = 56;
	objects = {

/* Begin PBXBuildFile section */
		D803F0FB2B89C939008DAE32 /* OneDark-Pro.json in Resources */ = {isa = PBXBuildFile; fileRef = D803F0FA2B89C939008DAE32 /* OneDark-Pro.json */; };
		D80881D82B63DBB500582C41 /* FinderFolderViewManager.swift in Sources */ = {isa = PBXBuildFile; fileRef = D80881D72B63DBB500582C41 /* FinderFolderViewManager.swift */; };
		D80881DA2B63DC8300582C41 /* FinderViewManager.swift in Sources */ = {isa = PBXBuildFile; fileRef = D80881D92B63DC8300582C41 /* FinderViewManager.swift */; };
		D80881DC2B63DCF300582C41 /* RepositoryFileBrowserManager.swift in Sources */ = {isa = PBXBuildFile; fileRef = D80881DB2B63DCF300582C41 /* RepositoryFileBrowserManager.swift */; };
		D80881DF2B63DD3A00582C41 /* File.swift in Sources */ = {isa = PBXBuildFile; fileRef = D80881DE2B63DD3A00582C41 /* File.swift */; };
		D80881E12B63DE1C00582C41 /* Errors.swift in Sources */ = {isa = PBXBuildFile; fileRef = D80881E02B63DE1C00582C41 /* Errors.swift */; };
		D80881E62B63DEE900582C41 /* RepositoryEditorViewManager.swift in Sources */ = {isa = PBXBuildFile; fileRef = D80881E52B63DEE900582C41 /* RepositoryEditorViewManager.swift */; };
		D80881E82B63DFB300582C41 /* EditorViewManager.swift in Sources */ = {isa = PBXBuildFile; fileRef = D80881E72B63DFB300582C41 /* EditorViewManager.swift */; };
		D80881EA2B63DFFE00582C41 /* FileViewManager.swift in Sources */ = {isa = PBXBuildFile; fileRef = D80881E92B63DFFE00582C41 /* FileViewManager.swift */; };
		D80881EE2B63E06100582C41 /* EditorViewState.swift in Sources */ = {isa = PBXBuildFile; fileRef = D80881ED2B63E06100582C41 /* EditorViewState.swift */; };
		D80881F02B63E07900582C41 /* FileViewState.swift in Sources */ = {isa = PBXBuildFile; fileRef = D80881EF2B63E07900582C41 /* FileViewState.swift */; };
		D80881F22B63E0B300582C41 /* Host.swift in Sources */ = {isa = PBXBuildFile; fileRef = D80881F12B63E0B300582C41 /* Host.swift */; };
		D80881F52B63E16000582C41 /* EditorView.swift in Sources */ = {isa = PBXBuildFile; fileRef = D80881F42B63E16000582C41 /* EditorView.swift */; };
		D80881F72B63E1AE00582C41 /* FileView.swift in Sources */ = {isa = PBXBuildFile; fileRef = D80881F62B63E1AE00582C41 /* FileView.swift */; };
		D80881F92B63E23100582C41 /* EditorNavBarView.swift in Sources */ = {isa = PBXBuildFile; fileRef = D80881F82B63E23100582C41 /* EditorNavBarView.swift */; };
		D80881FB2B63E25E00582C41 /* EditorErrors.swift in Sources */ = {isa = PBXBuildFile; fileRef = D80881FA2B63E25E00582C41 /* EditorErrors.swift */; };
		D80881FD2B63E27200582C41 /* Lambdas.swift in Sources */ = {isa = PBXBuildFile; fileRef = D80881FC2B63E27200582C41 /* Lambdas.swift */; };
		D80D08F72B98937500E5D7F7 /* RealmSwift in Frameworks */ = {isa = PBXBuildFile; productRef = D80D08F62B98937500E5D7F7 /* RealmSwift */; };
		D80E37AD2B744A9B008D0FFA /* XTerm.swift in Sources */ = {isa = PBXBuildFile; fileRef = D80E37AC2B744A9B008D0FFA /* XTerm.swift */; };
		D80E37B02B744BC3008D0FFA /* SwiftTerm in Frameworks */ = {isa = PBXBuildFile; productRef = D80E37AF2B744BC3008D0FFA /* SwiftTerm */; };
		D80E37B22B744BC3008D0FFA /* SwiftTermFuzz in Frameworks */ = {isa = PBXBuildFile; productRef = D80E37B12B744BC3008D0FFA /* SwiftTermFuzz */; };
		D81804AE2B934F21006682D2 /* TextFilterManager.swift in Sources */ = {isa = PBXBuildFile; fileRef = D81804AD2B934F21006682D2 /* TextFilterManager.swift */; };
		D81804B32B935F4B006682D2 /* VCTextInputView+TextInterface.swift in Sources */ = {isa = PBXBuildFile; fileRef = D81804B22B935F4B006682D2 /* VCTextInputView+TextInterface.swift */; };
		D81804B62B941C17006682D2 /* SimplePairInsertationFilter.swift in Sources */ = {isa = PBXBuildFile; fileRef = D81804B52B941C17006682D2 /* SimplePairInsertationFilter.swift */; };
		D81804B82B941CB6006682D2 /* DeleteBlockCloseFilter.swift in Sources */ = {isa = PBXBuildFile; fileRef = D81804B72B941CB6006682D2 /* DeleteBlockCloseFilter.swift */; };
		D81804BA2B941D2B006682D2 /* DeleteWhitespaceFilter.swift in Sources */ = {isa = PBXBuildFile; fileRef = D81804B92B941D2B006682D2 /* DeleteWhitespaceFilter.swift */; };
		D81804BC2B94E624006682D2 /* VCTextInputView+GroupEdits.swift in Sources */ = {isa = PBXBuildFile; fileRef = D81804BB2B94E624006682D2 /* VCTextInputView+GroupEdits.swift */; };
		D81BAC672B6EB74200A080DF /* Highlighter.swift in Sources */ = {isa = PBXBuildFile; fileRef = D81BAC662B6EB74200A080DF /* Highlighter.swift */; };
		D81BAC692B6EB80200A080DF /* Content.swift in Sources */ = {isa = PBXBuildFile; fileRef = D81BAC682B6EB80200A080DF /* Content.swift */; };
		D81BAC6D2B6F29E100A080DF /* Theme.swift in Sources */ = {isa = PBXBuildFile; fileRef = D81BAC6C2B6F29E000A080DF /* Theme.swift */; };
		D832FB5E2B95F16B00D7E3B2 /* VCRemoteCommand in Frameworks */ = {isa = PBXBuildFile; productRef = D832FB5D2B95F16B00D7E3B2 /* VCRemoteCommand */; };
		D8393BAE2B6870E9004018DC /* Models.swift in Sources */ = {isa = PBXBuildFile; fileRef = D8393BAD2B6870E9004018DC /* Models.swift */; };
		D8393BB02B687113004018DC /* GutterView.swift in Sources */ = {isa = PBXBuildFile; fileRef = D8393BAF2B687113004018DC /* GutterView.swift */; };
		D8393BB22B6871EE004018DC /* Recycler.swift in Sources */ = {isa = PBXBuildFile; fileRef = D8393BB12B6871EE004018DC /* Recycler.swift */; };
		D8393BB42B6872C6004018DC /* VCTextInputView+UITextInput.swift in Sources */ = {isa = PBXBuildFile; fileRef = D8393BB32B6872C6004018DC /* VCTextInputView+UITextInput.swift */; };
		D8393BB62B6902DF004018DC /* FileViewToolBar.swift in Sources */ = {isa = PBXBuildFile; fileRef = D8393BB52B6902DF004018DC /* FileViewToolBar.swift */; };
		D840A68E2B5A0A31002F3303 /* VisionCodeApp.swift in Sources */ = {isa = PBXBuildFile; fileRef = D840A68D2B5A0A31002F3303 /* VisionCodeApp.swift */; };
		D840A6922B5A0A32002F3303 /* Assets.xcassets in Resources */ = {isa = PBXBuildFile; fileRef = D840A6912B5A0A32002F3303 /* Assets.xcassets */; };
		D840A6962B5A0A32002F3303 /* Preview Assets.xcassets in Resources */ = {isa = PBXBuildFile; fileRef = D840A6952B5A0A32002F3303 /* Preview Assets.xcassets */; };
		D84AAABE2B6510AF002B8E1E /* TextEditor.swift in Sources */ = {isa = PBXBuildFile; fileRef = D84AAABD2B6510AF002B8E1E /* TextEditor.swift */; };
		D84BD2712B83183B00CD709D /* Tokenizer.swift in Sources */ = {isa = PBXBuildFile; fileRef = D84BD2702B83183B00CD709D /* Tokenizer.swift */; };
		D84BD2732B83186D00CD709D /* TreeSitterManager.swift in Sources */ = {isa = PBXBuildFile; fileRef = D84BD2722B83186D00CD709D /* TreeSitterManager.swift */; };
		D84BD2752B848C2800CD709D /* TabWidth.swift in Sources */ = {isa = PBXBuildFile; fileRef = D84BD2742B848C2800CD709D /* TabWidth.swift */; };
		D84FF79B2B691686008D99F7 /* Carrot.swift in Sources */ = {isa = PBXBuildFile; fileRef = D84FF79A2B691686008D99F7 /* Carrot.swift */; };
		D86985E52B9003850003A915 /* TextUndoManager.swift in Sources */ = {isa = PBXBuildFile; fileRef = D86985E42B9003850003A915 /* TextUndoManager.swift */; };
		D870C6D32B6293BD0063D7D4 /* BreadthFirstPathTraversal.swift in Sources */ = {isa = PBXBuildFile; fileRef = D870C6D22B6293BD0063D7D4 /* BreadthFirstPathTraversal.swift */; };
		D87BB58A2B6ABBEB004222F8 /* EditMenu.swift in Sources */ = {isa = PBXBuildFile; fileRef = D87BB5892B6ABBEB004222F8 /* EditMenu.swift */; };
		D87BB58D2B6BB777004222F8 /* RepositoryManagerView.swift in Sources */ = {isa = PBXBuildFile; fileRef = D87BB58C2B6BB777004222F8 /* RepositoryManagerView.swift */; };
		D87BB58F2B6BBB25004222F8 /* RepositoryManagmentViewState.swift in Sources */ = {isa = PBXBuildFile; fileRef = D87BB58E2B6BBB25004222F8 /* RepositoryManagmentViewState.swift */; };
		D87BB5912B6BBBC7004222F8 /* RepositoryView.swift in Sources */ = {isa = PBXBuildFile; fileRef = D87BB5902B6BBBC7004222F8 /* RepositoryView.swift */; };
		D87BB5932B6BBC63004222F8 /* RepositoryViewState.swift in Sources */ = {isa = PBXBuildFile; fileRef = D87BB5922B6BBC63004222F8 /* RepositoryViewState.swift */; };
		D87BB5952B6BCE71004222F8 /* HostManagmentView.swift in Sources */ = {isa = PBXBuildFile; fileRef = D87BB5942B6BCE71004222F8 /* HostManagmentView.swift */; };
		D87BB5972B6BCEB0004222F8 /* HostManagamentViewState.swift in Sources */ = {isa = PBXBuildFile; fileRef = D87BB5962B6BCEB0004222F8 /* HostManagamentViewState.swift */; };
		D87BB5992B6C1BB7004222F8 /* HostManager.swift in Sources */ = {isa = PBXBuildFile; fileRef = D87BB5982B6C1BB7004222F8 /* HostManager.swift */; };
		D87BB59C2B6C1C41004222F8 /* Realm in Frameworks */ = {isa = PBXBuildFile; productRef = D87BB59B2B6C1C41004222F8 /* Realm */; };
		D87BB5A02B6C20DC004222F8 /* RepositoryManagmentViewManager.swift in Sources */ = {isa = PBXBuildFile; fileRef = D87BB59F2B6C20DC004222F8 /* RepositoryManagmentViewManager.swift */; };
		D8874E5F2B6C6A350062A920 /* ProjectsManager.swift in Sources */ = {isa = PBXBuildFile; fileRef = D8874E5E2B6C6A350062A920 /* ProjectsManager.swift */; };
		D8874E612B6C6A4E0062A920 /* ProjectManagementViewState.swift in Sources */ = {isa = PBXBuildFile; fileRef = D8874E602B6C6A4E0062A920 /* ProjectManagementViewState.swift */; };
		D8874E632B6C6C6C0062A920 /* ProjectManagmentView.swift in Sources */ = {isa = PBXBuildFile; fileRef = D8874E622B6C6C6C0062A920 /* ProjectManagmentView.swift */; };
		D8874E652B6CEED10062A920 /* ConnectionManager.swift in Sources */ = {isa = PBXBuildFile; fileRef = D8874E642B6CEED10062A920 /* ConnectionManager.swift */; };
		D8874E672B6CF2280062A920 /* RepositoryViewManager.swift in Sources */ = {isa = PBXBuildFile; fileRef = D8874E662B6CF2280062A920 /* RepositoryViewManager.swift */; };
		D8874E6A2B6D279D0062A920 /* SwiftTreeSitter in Frameworks */ = {isa = PBXBuildFile; productRef = D8874E692B6D279D0062A920 /* SwiftTreeSitter */; };
		D896700B2BA5FDCD00CF32F0 /* TextFormation in Frameworks */ = {isa = PBXBuildFile; productRef = D896700A2BA5FDCD00CF32F0 /* TextFormation */; };
		D896700E2BA5FDF300CF32F0 /* VCRemoteCommand in Frameworks */ = {isa = PBXBuildFile; productRef = D896700D2BA5FDF300CF32F0 /* VCRemoteCommand */; };
		D89670112BA5FE4400CF32F0 /* CodeEditLanguages in Frameworks */ = {isa = PBXBuildFile; productRef = D89670102BA5FE4400CF32F0 /* CodeEditLanguages */; };
		D898B7D32BA6039A003DD0B9 /* SwiftTerm in Frameworks */ = {isa = PBXBuildFile; productRef = D898B7D22BA6039A003DD0B9 /* SwiftTerm */; };
		D8A9BF012B63E33500115D77 /* FinderView.swift in Sources */ = {isa = PBXBuildFile; fileRef = D8A9BF002B63E33500115D77 /* FinderView.swift */; };
		D8A9BF042B63E4C900115D77 /* FinderViewState.swift in Sources */ = {isa = PBXBuildFile; fileRef = D8A9BF032B63E4C900115D77 /* FinderViewState.swift */; };
		D8A9BF062B63E4F400115D77 /* FolderView.swift in Sources */ = {isa = PBXBuildFile; fileRef = D8A9BF052B63E4F400115D77 /* FolderView.swift */; };
		D8A9BF082B63E51800115D77 /* FolderViewState.swift in Sources */ = {isa = PBXBuildFile; fileRef = D8A9BF072B63E51800115D77 /* FolderViewState.swift */; };
		D8A9BF0A2B63E54000115D77 /* FolderHeaderView.swift in Sources */ = {isa = PBXBuildFile; fileRef = D8A9BF092B63E54000115D77 /* FolderHeaderView.swift */; };
		D8A9BF0C2B63E55100115D77 /* FileThumbnailView.swift in Sources */ = {isa = PBXBuildFile; fileRef = D8A9BF0B2B63E55100115D77 /* FileThumbnailView.swift */; };
		D8A9BF112B63E5B700115D77 /* RepositoryEditorView.swift in Sources */ = {isa = PBXBuildFile; fileRef = D8A9BF102B63E5B700115D77 /* RepositoryEditorView.swift */; };
		D8A9BF132B63E60D00115D77 /* RepositoryEditorViewState.swift in Sources */ = {isa = PBXBuildFile; fileRef = D8A9BF122B63E60D00115D77 /* RepositoryEditorViewState.swift */; };
		D8A9BF162B63E66C00115D77 /* RepositoryFilesView.swift in Sources */ = {isa = PBXBuildFile; fileRef = D8A9BF152B63E66C00115D77 /* RepositoryFilesView.swift */; };
		D8A9BF182B63E6D000115D77 /* FileCellView.swift in Sources */ = {isa = PBXBuildFile; fileRef = D8A9BF172B63E6D000115D77 /* FileCellView.swift */; };
		D8A9BF1B2B63E6FF00115D77 /* FileCellViewState.swift in Sources */ = {isa = PBXBuildFile; fileRef = D8A9BF1A2B63E6FF00115D77 /* FileCellViewState.swift */; };
		D8A9BF1D2B63E74700115D77 /* RepositoryFilesViewState.swift in Sources */ = {isa = PBXBuildFile; fileRef = D8A9BF1C2B63E74700115D77 /* RepositoryFilesViewState.swift */; };
		D8AA4C1E2B9BFD4300CB00D1 /* ContactView.swift in Sources */ = {isa = PBXBuildFile; fileRef = D8AA4C1D2B9BFD4300CB00D1 /* ContactView.swift */; };
		D8B5333E2B95EF8200048303 /* CodeEditLanguages in Frameworks */ = {isa = PBXBuildFile; productRef = D8B5333D2B95EF8200048303 /* CodeEditLanguages */; };
		D8B533412B95EFF300048303 /* TextFormation in Frameworks */ = {isa = PBXBuildFile; productRef = D8B533402B95EFF300048303 /* TextFormation */; };
		D8CA54A52B74FFD6009D5770 /* QuickOpenView.swift in Sources */ = {isa = PBXBuildFile; fileRef = D8CA54A42B74FFD6009D5770 /* QuickOpenView.swift */; };
		D8CCC7092B66E21000730B45 /* TextLayoutFragmentView.swift in Sources */ = {isa = PBXBuildFile; fileRef = D8CCC7082B66E21000730B45 /* TextLayoutFragmentView.swift */; };
		D8CCC70B2B66EE8100730B45 /* VCTextInputView.swift in Sources */ = {isa = PBXBuildFile; fileRef = D8CCC70A2B66EE8100730B45 /* VCTextInputView.swift */; };
		D8DCDF7D2B9E149F00015BDA /* VCTextInputView+UIPointerInteractionDelegate.swift in Sources */ = {isa = PBXBuildFile; fileRef = D8DCDF7C2B9E149F00015BDA /* VCTextInputView+UIPointerInteractionDelegate.swift */; };
		D8EE47292B7CAFAB0073E129 /* FindViewController.swift in Sources */ = {isa = PBXBuildFile; fileRef = D8EE47282B7CAFAB0073E129 /* FindViewController.swift */; };
		D8F23A532B725A2600A47A13 /* ConnectionState.swift in Sources */ = {isa = PBXBuildFile; fileRef = D8F23A522B725A2600A47A13 /* ConnectionState.swift */; };
		D8F23A552B725E7900A47A13 /* Connection.swift in Sources */ = {isa = PBXBuildFile; fileRef = D8F23A542B725E7900A47A13 /* Connection.swift */; };
		D8F89CD02B753BF800444923 /* QuickOpenViewState.swift in Sources */ = {isa = PBXBuildFile; fileRef = D8F89CCF2B753BF800444923 /* QuickOpenViewState.swift */; };
		D8F89CD32B7543FF00444923 /* TrieNode.swift in Sources */ = {isa = PBXBuildFile; fileRef = D8F89CD22B7543FF00444923 /* TrieNode.swift */; };
		D8F89CDD2B75449900444923 /* VisionCodeTests.swift in Sources */ = {isa = PBXBuildFile; fileRef = D8F89CDC2B75449900444923 /* VisionCodeTests.swift */; };
		D8F89CE32B7544CA00444923 /* TrieNodeTests.swift in Sources */ = {isa = PBXBuildFile; fileRef = D8F89CD42B75443100444923 /* TrieNodeTests.swift */; };
		D8F89CE42B75451900444923 /* TrieNode.swift in Sources */ = {isa = PBXBuildFile; fileRef = D8F89CD22B7543FF00444923 /* TrieNode.swift */; };
		D8FC3F192B5DA5CD00C6E099 /* Terminal.swift in Sources */ = {isa = PBXBuildFile; fileRef = D8FC3F182B5DA5CD00C6E099 /* Terminal.swift */; };
		D8FC3F1F2B5DF7CA00C6E099 /* TerminalManager.swift in Sources */ = {isa = PBXBuildFile; fileRef = D8FC3F1E2B5DF7CA00C6E099 /* TerminalManager.swift */; };
		D8FC3F212B5DF83300C6E099 /* Model.swift in Sources */ = {isa = PBXBuildFile; fileRef = D8FC3F202B5DF83300C6E099 /* Model.swift */; };
/* End PBXBuildFile section */

/* Begin PBXContainerItemProxy section */
		D8F89CDE2B75449900444923 /* PBXContainerItemProxy */ = {
			isa = PBXContainerItemProxy;
			containerPortal = D840A6822B5A0A31002F3303 /* Project object */;
			proxyType = 1;
			remoteGlobalIDString = D840A6892B5A0A31002F3303;
			remoteInfo = VisionCode;
		};
/* End PBXContainerItemProxy section */

/* Begin PBXFileReference section */
		D803F0FA2B89C939008DAE32 /* OneDark-Pro.json */ = {isa = PBXFileReference; fileEncoding = 4; lastKnownFileType = text.json; path = "OneDark-Pro.json"; sourceTree = "<group>"; };
		D80881D72B63DBB500582C41 /* FinderFolderViewManager.swift */ = {isa = PBXFileReference; lastKnownFileType = sourcecode.swift; path = FinderFolderViewManager.swift; sourceTree = "<group>"; };
		D80881D92B63DC8300582C41 /* FinderViewManager.swift */ = {isa = PBXFileReference; lastKnownFileType = sourcecode.swift; path = FinderViewManager.swift; sourceTree = "<group>"; };
		D80881DB2B63DCF300582C41 /* RepositoryFileBrowserManager.swift */ = {isa = PBXFileReference; lastKnownFileType = sourcecode.swift; path = RepositoryFileBrowserManager.swift; sourceTree = "<group>"; };
		D80881DE2B63DD3A00582C41 /* File.swift */ = {isa = PBXFileReference; lastKnownFileType = sourcecode.swift; path = File.swift; sourceTree = "<group>"; };
		D80881E02B63DE1C00582C41 /* Errors.swift */ = {isa = PBXFileReference; lastKnownFileType = sourcecode.swift; path = Errors.swift; sourceTree = "<group>"; };
		D80881E52B63DEE900582C41 /* RepositoryEditorViewManager.swift */ = {isa = PBXFileReference; lastKnownFileType = sourcecode.swift; path = RepositoryEditorViewManager.swift; sourceTree = "<group>"; };
		D80881E72B63DFB300582C41 /* EditorViewManager.swift */ = {isa = PBXFileReference; lastKnownFileType = sourcecode.swift; path = EditorViewManager.swift; sourceTree = "<group>"; };
		D80881E92B63DFFE00582C41 /* FileViewManager.swift */ = {isa = PBXFileReference; lastKnownFileType = sourcecode.swift; path = FileViewManager.swift; sourceTree = "<group>"; };
		D80881ED2B63E06100582C41 /* EditorViewState.swift */ = {isa = PBXFileReference; lastKnownFileType = sourcecode.swift; path = EditorViewState.swift; sourceTree = "<group>"; };
		D80881EF2B63E07900582C41 /* FileViewState.swift */ = {isa = PBXFileReference; lastKnownFileType = sourcecode.swift; path = FileViewState.swift; sourceTree = "<group>"; };
		D80881F12B63E0B300582C41 /* Host.swift */ = {isa = PBXFileReference; lastKnownFileType = sourcecode.swift; path = Host.swift; sourceTree = "<group>"; };
		D80881F42B63E16000582C41 /* EditorView.swift */ = {isa = PBXFileReference; lastKnownFileType = sourcecode.swift; path = EditorView.swift; sourceTree = "<group>"; };
		D80881F62B63E1AE00582C41 /* FileView.swift */ = {isa = PBXFileReference; lastKnownFileType = sourcecode.swift; path = FileView.swift; sourceTree = "<group>"; };
		D80881F82B63E23100582C41 /* EditorNavBarView.swift */ = {isa = PBXFileReference; lastKnownFileType = sourcecode.swift; path = EditorNavBarView.swift; sourceTree = "<group>"; };
		D80881FA2B63E25E00582C41 /* EditorErrors.swift */ = {isa = PBXFileReference; lastKnownFileType = sourcecode.swift; path = EditorErrors.swift; sourceTree = "<group>"; };
		D80881FC2B63E27200582C41 /* Lambdas.swift */ = {isa = PBXFileReference; lastKnownFileType = sourcecode.swift; path = Lambdas.swift; sourceTree = "<group>"; };
		D80E37AC2B744A9B008D0FFA /* XTerm.swift */ = {isa = PBXFileReference; lastKnownFileType = sourcecode.swift; path = XTerm.swift; sourceTree = "<group>"; };
		D81804AD2B934F21006682D2 /* TextFilterManager.swift */ = {isa = PBXFileReference; lastKnownFileType = sourcecode.swift; path = TextFilterManager.swift; sourceTree = "<group>"; };
		D81804B22B935F4B006682D2 /* VCTextInputView+TextInterface.swift */ = {isa = PBXFileReference; lastKnownFileType = sourcecode.swift; path = "VCTextInputView+TextInterface.swift"; sourceTree = "<group>"; };
		D81804B52B941C17006682D2 /* SimplePairInsertationFilter.swift */ = {isa = PBXFileReference; lastKnownFileType = sourcecode.swift; path = SimplePairInsertationFilter.swift; sourceTree = "<group>"; };
		D81804B72B941CB6006682D2 /* DeleteBlockCloseFilter.swift */ = {isa = PBXFileReference; lastKnownFileType = sourcecode.swift; path = DeleteBlockCloseFilter.swift; sourceTree = "<group>"; };
		D81804B92B941D2B006682D2 /* DeleteWhitespaceFilter.swift */ = {isa = PBXFileReference; lastKnownFileType = sourcecode.swift; path = DeleteWhitespaceFilter.swift; sourceTree = "<group>"; };
		D81804BB2B94E624006682D2 /* VCTextInputView+GroupEdits.swift */ = {isa = PBXFileReference; lastKnownFileType = sourcecode.swift; path = "VCTextInputView+GroupEdits.swift"; sourceTree = "<group>"; };
		D81BAC662B6EB74200A080DF /* Highlighter.swift */ = {isa = PBXFileReference; lastKnownFileType = sourcecode.swift; path = Highlighter.swift; sourceTree = "<group>"; };
		D81BAC682B6EB80200A080DF /* Content.swift */ = {isa = PBXFileReference; lastKnownFileType = sourcecode.swift; path = Content.swift; sourceTree = "<group>"; };
		D81BAC6C2B6F29E000A080DF /* Theme.swift */ = {isa = PBXFileReference; lastKnownFileType = sourcecode.swift; path = Theme.swift; sourceTree = "<group>"; };
		D8393BAD2B6870E9004018DC /* Models.swift */ = {isa = PBXFileReference; lastKnownFileType = sourcecode.swift; path = Models.swift; sourceTree = "<group>"; };
		D8393BAF2B687113004018DC /* GutterView.swift */ = {isa = PBXFileReference; lastKnownFileType = sourcecode.swift; path = GutterView.swift; sourceTree = "<group>"; };
		D8393BB12B6871EE004018DC /* Recycler.swift */ = {isa = PBXFileReference; lastKnownFileType = sourcecode.swift; path = Recycler.swift; sourceTree = "<group>"; };
		D8393BB32B6872C6004018DC /* VCTextInputView+UITextInput.swift */ = {isa = PBXFileReference; lastKnownFileType = sourcecode.swift; path = "VCTextInputView+UITextInput.swift"; sourceTree = "<group>"; };
		D8393BB52B6902DF004018DC /* FileViewToolBar.swift */ = {isa = PBXFileReference; lastKnownFileType = sourcecode.swift; path = FileViewToolBar.swift; sourceTree = "<group>"; };
		D840A68A2B5A0A31002F3303 /* VisionCode.app */ = {isa = PBXFileReference; explicitFileType = wrapper.application; includeInIndex = 0; path = VisionCode.app; sourceTree = BUILT_PRODUCTS_DIR; };
		D840A68D2B5A0A31002F3303 /* VisionCodeApp.swift */ = {isa = PBXFileReference; lastKnownFileType = sourcecode.swift; path = VisionCodeApp.swift; sourceTree = "<group>"; };
		D840A6912B5A0A32002F3303 /* Assets.xcassets */ = {isa = PBXFileReference; lastKnownFileType = folder.assetcatalog; path = Assets.xcassets; sourceTree = "<group>"; };
		D840A6932B5A0A32002F3303 /* VisionCode.entitlements */ = {isa = PBXFileReference; lastKnownFileType = text.plist.entitlements; path = VisionCode.entitlements; sourceTree = "<group>"; };
		D840A6952B5A0A32002F3303 /* Preview Assets.xcassets */ = {isa = PBXFileReference; lastKnownFileType = folder.assetcatalog; path = "Preview Assets.xcassets"; sourceTree = "<group>"; };
		D840A69E2B5AE2A3002F3303 /* Info.plist */ = {isa = PBXFileReference; lastKnownFileType = text.plist; path = Info.plist; sourceTree = "<group>"; };
		D840A6AC2B5C4890002F3303 /* VCRemoteCommand */ = {isa = PBXFileReference; lastKnownFileType = wrapper; path = VCRemoteCommand; sourceTree = "<group>"; };
		D84AAABD2B6510AF002B8E1E /* TextEditor.swift */ = {isa = PBXFileReference; lastKnownFileType = sourcecode.swift; path = TextEditor.swift; sourceTree = "<group>"; };
		D84BD2702B83183B00CD709D /* Tokenizer.swift */ = {isa = PBXFileReference; lastKnownFileType = sourcecode.swift; path = Tokenizer.swift; sourceTree = "<group>"; };
		D84BD2722B83186D00CD709D /* TreeSitterManager.swift */ = {isa = PBXFileReference; lastKnownFileType = sourcecode.swift; path = TreeSitterManager.swift; sourceTree = "<group>"; };
		D84BD2742B848C2800CD709D /* TabWidth.swift */ = {isa = PBXFileReference; lastKnownFileType = sourcecode.swift; path = TabWidth.swift; sourceTree = "<group>"; };
		D84FF79A2B691686008D99F7 /* Carrot.swift */ = {isa = PBXFileReference; lastKnownFileType = sourcecode.swift; path = Carrot.swift; sourceTree = "<group>"; };
		D86985E42B9003850003A915 /* TextUndoManager.swift */ = {isa = PBXFileReference; lastKnownFileType = sourcecode.swift; path = TextUndoManager.swift; sourceTree = "<group>"; };
		D870C6D22B6293BD0063D7D4 /* BreadthFirstPathTraversal.swift */ = {isa = PBXFileReference; lastKnownFileType = sourcecode.swift; path = BreadthFirstPathTraversal.swift; sourceTree = "<group>"; };
		D87BB5892B6ABBEB004222F8 /* EditMenu.swift */ = {isa = PBXFileReference; lastKnownFileType = sourcecode.swift; path = EditMenu.swift; sourceTree = "<group>"; };
		D87BB58C2B6BB777004222F8 /* RepositoryManagerView.swift */ = {isa = PBXFileReference; lastKnownFileType = sourcecode.swift; path = RepositoryManagerView.swift; sourceTree = "<group>"; };
		D87BB58E2B6BBB25004222F8 /* RepositoryManagmentViewState.swift */ = {isa = PBXFileReference; lastKnownFileType = sourcecode.swift; path = RepositoryManagmentViewState.swift; sourceTree = "<group>"; };
		D87BB5902B6BBBC7004222F8 /* RepositoryView.swift */ = {isa = PBXFileReference; lastKnownFileType = sourcecode.swift; path = RepositoryView.swift; sourceTree = "<group>"; };
		D87BB5922B6BBC63004222F8 /* RepositoryViewState.swift */ = {isa = PBXFileReference; lastKnownFileType = sourcecode.swift; path = RepositoryViewState.swift; sourceTree = "<group>"; };
		D87BB5942B6BCE71004222F8 /* HostManagmentView.swift */ = {isa = PBXFileReference; lastKnownFileType = sourcecode.swift; path = HostManagmentView.swift; sourceTree = "<group>"; };
		D87BB5962B6BCEB0004222F8 /* HostManagamentViewState.swift */ = {isa = PBXFileReference; lastKnownFileType = sourcecode.swift; path = HostManagamentViewState.swift; sourceTree = "<group>"; };
		D87BB5982B6C1BB7004222F8 /* HostManager.swift */ = {isa = PBXFileReference; lastKnownFileType = sourcecode.swift; path = HostManager.swift; sourceTree = "<group>"; };
		D87BB59F2B6C20DC004222F8 /* RepositoryManagmentViewManager.swift */ = {isa = PBXFileReference; lastKnownFileType = sourcecode.swift; path = RepositoryManagmentViewManager.swift; sourceTree = "<group>"; };
		D8874E5E2B6C6A350062A920 /* ProjectsManager.swift */ = {isa = PBXFileReference; lastKnownFileType = sourcecode.swift; path = ProjectsManager.swift; sourceTree = "<group>"; };
		D8874E602B6C6A4E0062A920 /* ProjectManagementViewState.swift */ = {isa = PBXFileReference; lastKnownFileType = sourcecode.swift; path = ProjectManagementViewState.swift; sourceTree = "<group>"; };
		D8874E622B6C6C6C0062A920 /* ProjectManagmentView.swift */ = {isa = PBXFileReference; lastKnownFileType = sourcecode.swift; path = ProjectManagmentView.swift; sourceTree = "<group>"; };
		D8874E642B6CEED10062A920 /* ConnectionManager.swift */ = {isa = PBXFileReference; lastKnownFileType = sourcecode.swift; path = ConnectionManager.swift; sourceTree = "<group>"; };
		D8874E662B6CF2280062A920 /* RepositoryViewManager.swift */ = {isa = PBXFileReference; lastKnownFileType = sourcecode.swift; path = RepositoryViewManager.swift; sourceTree = "<group>"; };
		D8A9BF002B63E33500115D77 /* FinderView.swift */ = {isa = PBXFileReference; lastKnownFileType = sourcecode.swift; path = FinderView.swift; sourceTree = "<group>"; };
		D8A9BF032B63E4C900115D77 /* FinderViewState.swift */ = {isa = PBXFileReference; lastKnownFileType = sourcecode.swift; path = FinderViewState.swift; sourceTree = "<group>"; };
		D8A9BF052B63E4F400115D77 /* FolderView.swift */ = {isa = PBXFileReference; lastKnownFileType = sourcecode.swift; path = FolderView.swift; sourceTree = "<group>"; };
		D8A9BF072B63E51800115D77 /* FolderViewState.swift */ = {isa = PBXFileReference; lastKnownFileType = sourcecode.swift; path = FolderViewState.swift; sourceTree = "<group>"; };
		D8A9BF092B63E54000115D77 /* FolderHeaderView.swift */ = {isa = PBXFileReference; lastKnownFileType = sourcecode.swift; path = FolderHeaderView.swift; sourceTree = "<group>"; };
		D8A9BF0B2B63E55100115D77 /* FileThumbnailView.swift */ = {isa = PBXFileReference; lastKnownFileType = sourcecode.swift; path = FileThumbnailView.swift; sourceTree = "<group>"; };
		D8A9BF102B63E5B700115D77 /* RepositoryEditorView.swift */ = {isa = PBXFileReference; lastKnownFileType = sourcecode.swift; path = RepositoryEditorView.swift; sourceTree = "<group>"; };
		D8A9BF122B63E60D00115D77 /* RepositoryEditorViewState.swift */ = {isa = PBXFileReference; lastKnownFileType = sourcecode.swift; path = RepositoryEditorViewState.swift; sourceTree = "<group>"; };
		D8A9BF152B63E66C00115D77 /* RepositoryFilesView.swift */ = {isa = PBXFileReference; lastKnownFileType = sourcecode.swift; path = RepositoryFilesView.swift; sourceTree = "<group>"; };
		D8A9BF172B63E6D000115D77 /* FileCellView.swift */ = {isa = PBXFileReference; lastKnownFileType = sourcecode.swift; path = FileCellView.swift; sourceTree = "<group>"; };
		D8A9BF1A2B63E6FF00115D77 /* FileCellViewState.swift */ = {isa = PBXFileReference; lastKnownFileType = sourcecode.swift; path = FileCellViewState.swift; sourceTree = "<group>"; };
		D8A9BF1C2B63E74700115D77 /* RepositoryFilesViewState.swift */ = {isa = PBXFileReference; lastKnownFileType = sourcecode.swift; path = RepositoryFilesViewState.swift; sourceTree = "<group>"; };
		D8AA4C1D2B9BFD4300CB00D1 /* ContactView.swift */ = {isa = PBXFileReference; lastKnownFileType = sourcecode.swift; path = ContactView.swift; sourceTree = "<group>"; };
		D8CA54A42B74FFD6009D5770 /* QuickOpenView.swift */ = {isa = PBXFileReference; lastKnownFileType = sourcecode.swift; path = QuickOpenView.swift; sourceTree = "<group>"; };
		D8CCC7082B66E21000730B45 /* TextLayoutFragmentView.swift */ = {isa = PBXFileReference; lastKnownFileType = sourcecode.swift; path = TextLayoutFragmentView.swift; sourceTree = "<group>"; };
		D8CCC70A2B66EE8100730B45 /* VCTextInputView.swift */ = {isa = PBXFileReference; lastKnownFileType = sourcecode.swift; path = VCTextInputView.swift; sourceTree = "<group>"; };
		D8DCDF7C2B9E149F00015BDA /* VCTextInputView+UIPointerInteractionDelegate.swift */ = {isa = PBXFileReference; lastKnownFileType = sourcecode.swift; path = "VCTextInputView+UIPointerInteractionDelegate.swift"; sourceTree = "<group>"; };
		D8EE47282B7CAFAB0073E129 /* FindViewController.swift */ = {isa = PBXFileReference; lastKnownFileType = sourcecode.swift; path = FindViewController.swift; sourceTree = "<group>"; };
		D8F23A522B725A2600A47A13 /* ConnectionState.swift */ = {isa = PBXFileReference; lastKnownFileType = sourcecode.swift; path = ConnectionState.swift; sourceTree = "<group>"; };
		D8F23A542B725E7900A47A13 /* Connection.swift */ = {isa = PBXFileReference; lastKnownFileType = sourcecode.swift; path = Connection.swift; sourceTree = "<group>"; };
		D8F89CCF2B753BF800444923 /* QuickOpenViewState.swift */ = {isa = PBXFileReference; lastKnownFileType = sourcecode.swift; path = QuickOpenViewState.swift; sourceTree = "<group>"; };
		D8F89CD22B7543FF00444923 /* TrieNode.swift */ = {isa = PBXFileReference; lastKnownFileType = sourcecode.swift; path = TrieNode.swift; sourceTree = "<group>"; };
		D8F89CD42B75443100444923 /* TrieNodeTests.swift */ = {isa = PBXFileReference; lastKnownFileType = sourcecode.swift; path = TrieNodeTests.swift; sourceTree = "<group>"; };
		D8F89CDA2B75449900444923 /* VisionCodeTests.xctest */ = {isa = PBXFileReference; explicitFileType = wrapper.cfbundle; includeInIndex = 0; path = VisionCodeTests.xctest; sourceTree = BUILT_PRODUCTS_DIR; };
		D8F89CDC2B75449900444923 /* VisionCodeTests.swift */ = {isa = PBXFileReference; lastKnownFileType = sourcecode.swift; path = VisionCodeTests.swift; sourceTree = "<group>"; };
		D8FC3F182B5DA5CD00C6E099 /* Terminal.swift */ = {isa = PBXFileReference; lastKnownFileType = sourcecode.swift; path = Terminal.swift; sourceTree = "<group>"; };
		D8FC3F1E2B5DF7CA00C6E099 /* TerminalManager.swift */ = {isa = PBXFileReference; lastKnownFileType = sourcecode.swift; path = TerminalManager.swift; sourceTree = "<group>"; };
		D8FC3F202B5DF83300C6E099 /* Model.swift */ = {isa = PBXFileReference; lastKnownFileType = sourcecode.swift; path = Model.swift; sourceTree = "<group>"; };
/* End PBXFileReference section */

/* Begin PBXFrameworksBuildPhase section */
		D840A6872B5A0A31002F3303 /* Frameworks */ = {
			isa = PBXFrameworksBuildPhase;
			buildActionMask = 2147483647;
			files = (
				D80D08F72B98937500E5D7F7 /* RealmSwift in Frameworks */,
				D87BB59C2B6C1C41004222F8 /* Realm in Frameworks */,
				D898B7D32BA6039A003DD0B9 /* SwiftTerm in Frameworks */,
				D80E37B02B744BC3008D0FFA /* SwiftTerm in Frameworks */,
				D896700B2BA5FDCD00CF32F0 /* TextFormation in Frameworks */,
				D832FB5E2B95F16B00D7E3B2 /* VCRemoteCommand in Frameworks */,
				D80E37B22B744BC3008D0FFA /* SwiftTermFuzz in Frameworks */,
				D8B5333E2B95EF8200048303 /* CodeEditLanguages in Frameworks */,
				D8874E6A2B6D279D0062A920 /* SwiftTreeSitter in Frameworks */,
				D8B533412B95EFF300048303 /* TextFormation in Frameworks */,
				D896700E2BA5FDF300CF32F0 /* VCRemoteCommand in Frameworks */,
				D89670112BA5FE4400CF32F0 /* CodeEditLanguages in Frameworks */,
			);
			runOnlyForDeploymentPostprocessing = 0;
		};
		D8F89CD72B75449900444923 /* Frameworks */ = {
			isa = PBXFrameworksBuildPhase;
			buildActionMask = 2147483647;
			files = (
			);
			runOnlyForDeploymentPostprocessing = 0;
		};
/* End PBXFrameworksBuildPhase section */

/* Begin PBXGroup section */
		D803F0F72B89C8F3008DAE32 /* themes */ = {
			isa = PBXGroup;
			children = (
				D803F0FA2B89C939008DAE32 /* OneDark-Pro.json */,
			);
			path = themes;
			sourceTree = "<group>";
		};
		D80881D52B63DB5E00582C41 /* Finder */ = {
			isa = PBXGroup;
			children = (
				D8A9BF022B63E4C000115D77 /* States */,
				D8A9BEFF2B63E32900115D77 /* Views */,
				D80881D72B63DBB500582C41 /* FinderFolderViewManager.swift */,
				D80881D92B63DC8300582C41 /* FinderViewManager.swift */,
			);
			path = Finder;
			sourceTree = "<group>";
		};
		D80881D62B63DB6900582C41 /* Repository */ = {
			isa = PBXGroup;
			children = (
				D8F89CD12B7543F600444923 /* Models */,
				D8A9BF192B63E6E400115D77 /* State */,
				D8A9BF142B63E62A00115D77 /* Views */,
				D870C6D22B6293BD0063D7D4 /* BreadthFirstPathTraversal.swift */,
				D80881DB2B63DCF300582C41 /* RepositoryFileBrowserManager.swift */,
			);
			path = Repository;
			sourceTree = "<group>";
		};
		D80881DD2B63DD2D00582C41 /* Models */ = {
			isa = PBXGroup;
			children = (
				D80881DE2B63DD3A00582C41 /* File.swift */,
				D80881E02B63DE1C00582C41 /* Errors.swift */,
				D80881F12B63E0B300582C41 /* Host.swift */,
				D80881FC2B63E27200582C41 /* Lambdas.swift */,
				D81BAC682B6EB80200A080DF /* Content.swift */,
				D8F23A542B725E7900A47A13 /* Connection.swift */,
				D84BD2742B848C2800CD709D /* TabWidth.swift */,
			);
			path = Models;
			sourceTree = "<group>";
		};
		D80881E22B63DE8900582C41 /* Repository */ = {
			isa = PBXGroup;
			children = (
				D8A9BF0F2B63E5A100115D77 /* Managers */,
				D8A9BF0E2B63E59C00115D77 /* States */,
				D8A9BF0D2B63E59700115D77 /* Views */,
			);
			path = Repository;
			sourceTree = "<group>";
		};
		D80881EB2B63E02900582C41 /* States */ = {
			isa = PBXGroup;
			children = (
				D80881ED2B63E06100582C41 /* EditorViewState.swift */,
				D80881EF2B63E07900582C41 /* FileViewState.swift */,
			);
			path = States;
			sourceTree = "<group>";
		};
		D80881EC2B63E03300582C41 /* Managers */ = {
			isa = PBXGroup;
			children = (
				D80881E72B63DFB300582C41 /* EditorViewManager.swift */,
				D80881E92B63DFFE00582C41 /* FileViewManager.swift */,
			);
			path = Managers;
			sourceTree = "<group>";
		};
		D80881F32B63E14E00582C41 /* View */ = {
			isa = PBXGroup;
			children = (
				D80881F42B63E16000582C41 /* EditorView.swift */,
				D80881F62B63E1AE00582C41 /* FileView.swift */,
				D80881F82B63E23100582C41 /* EditorNavBarView.swift */,
				D8393BB52B6902DF004018DC /* FileViewToolBar.swift */,
			);
			path = View;
			sourceTree = "<group>";
		};
		D81804B42B941C08006682D2 /* Filters */ = {
			isa = PBXGroup;
			children = (
				D81804B52B941C17006682D2 /* SimplePairInsertationFilter.swift */,
				D81804B72B941CB6006682D2 /* DeleteBlockCloseFilter.swift */,
				D81804B92B941D2B006682D2 /* DeleteWhitespaceFilter.swift */,
			);
			path = Filters;
			sourceTree = "<group>";
		};
		D81BAC642B6E63BD00A080DF /* TreeSitterSwift_TreeSitterSwift */ = {
			isa = PBXGroup;
			children = (
			);
			path = TreeSitterSwift_TreeSitterSwift;
			sourceTree = "<group>";
		};
		D840A6812B5A0A31002F3303 = {
			isa = PBXGroup;
			children = (
				D840A6AC2B5C4890002F3303 /* VCRemoteCommand */,
				D840A68C2B5A0A31002F3303 /* VisionCode */,
				D8F89CDB2B75449900444923 /* VisionCodeTests */,
				D840A68B2B5A0A31002F3303 /* Products */,
				D8FC3F1A2B5DD39E00C6E099 /* Frameworks */,
			);
			sourceTree = "<group>";
		};
		D840A68B2B5A0A31002F3303 /* Products */ = {
			isa = PBXGroup;
			children = (
				D840A68A2B5A0A31002F3303 /* VisionCode.app */,
				D8F89CDA2B75449900444923 /* VisionCodeTests.xctest */,
			);
			name = Products;
			sourceTree = "<group>";
		};
		D840A68C2B5A0A31002F3303 /* VisionCode */ = {
			isa = PBXGroup;
			children = (
				D803F0F72B89C8F3008DAE32 /* themes */,
				D81BAC642B6E63BD00A080DF /* TreeSitterSwift_TreeSitterSwift */,
				D80881E22B63DE8900582C41 /* Repository */,
				D80881DD2B63DD2D00582C41 /* Models */,
				D870C6D12B62939F0063D7D4 /* FileBrowser */,
				D870C6CE2B61EB2C0063D7D4 /* Editor */,
				D8FC3F1D2B5DF79D00C6E099 /* Terminal */,
				D840A69E2B5AE2A3002F3303 /* Info.plist */,
				D840A68D2B5A0A31002F3303 /* VisionCodeApp.swift */,
				D840A6912B5A0A32002F3303 /* Assets.xcassets */,
				D840A6932B5A0A32002F3303 /* VisionCode.entitlements */,
				D840A6942B5A0A32002F3303 /* Preview Content */,
			);
			path = VisionCode;
			sourceTree = "<group>";
		};
		D840A6942B5A0A32002F3303 /* Preview Content */ = {
			isa = PBXGroup;
			children = (
				D840A6952B5A0A32002F3303 /* Preview Assets.xcassets */,
			);
			path = "Preview Content";
			sourceTree = "<group>";
		};
		D84AAABC2B651099002B8E1E /* TextEditor */ = {
			isa = PBXGroup;
			children = (
				D81804B42B941C08006682D2 /* Filters */,
				D84AAABD2B6510AF002B8E1E /* TextEditor.swift */,
				D8CCC7082B66E21000730B45 /* TextLayoutFragmentView.swift */,
				D8CCC70A2B66EE8100730B45 /* VCTextInputView.swift */,
				D8393BB32B6872C6004018DC /* VCTextInputView+UITextInput.swift */,
				D8393BAD2B6870E9004018DC /* Models.swift */,
				D8393BAF2B687113004018DC /* GutterView.swift */,
				D8393BB12B6871EE004018DC /* Recycler.swift */,
				D84FF79A2B691686008D99F7 /* Carrot.swift */,
				D87BB5892B6ABBEB004222F8 /* EditMenu.swift */,
				D81BAC662B6EB74200A080DF /* Highlighter.swift */,
				D81BAC6C2B6F29E000A080DF /* Theme.swift */,
				D8EE47282B7CAFAB0073E129 /* FindViewController.swift */,
				D84BD2702B83183B00CD709D /* Tokenizer.swift */,
				D84BD2722B83186D00CD709D /* TreeSitterManager.swift */,
				D86985E42B9003850003A915 /* TextUndoManager.swift */,
				D81804AD2B934F21006682D2 /* TextFilterManager.swift */,
				D81804B22B935F4B006682D2 /* VCTextInputView+TextInterface.swift */,
				D81804BB2B94E624006682D2 /* VCTextInputView+GroupEdits.swift */,
				D8DCDF7C2B9E149F00015BDA /* VCTextInputView+UIPointerInteractionDelegate.swift */,
			);
			path = TextEditor;
			sourceTree = "<group>";
		};
		D870C6CE2B61EB2C0063D7D4 /* Editor */ = {
			isa = PBXGroup;
			children = (
				D84AAABC2B651099002B8E1E /* TextEditor */,
				D80881F32B63E14E00582C41 /* View */,
				D80881EC2B63E03300582C41 /* Managers */,
				D80881EB2B63E02900582C41 /* States */,
				D80881FA2B63E25E00582C41 /* EditorErrors.swift */,
			);
			path = Editor;
			sourceTree = "<group>";
		};
		D870C6D12B62939F0063D7D4 /* FileBrowser */ = {
			isa = PBXGroup;
			children = (
				D80881D62B63DB6900582C41 /* Repository */,
				D80881D52B63DB5E00582C41 /* Finder */,
			);
			path = FileBrowser;
			sourceTree = "<group>";
		};
		D8A9BEFF2B63E32900115D77 /* Views */ = {
			isa = PBXGroup;
			children = (
				D8A9BF002B63E33500115D77 /* FinderView.swift */,
				D8A9BF052B63E4F400115D77 /* FolderView.swift */,
				D8A9BF092B63E54000115D77 /* FolderHeaderView.swift */,
				D8A9BF0B2B63E55100115D77 /* FileThumbnailView.swift */,
			);
			path = Views;
			sourceTree = "<group>";
		};
		D8A9BF022B63E4C000115D77 /* States */ = {
			isa = PBXGroup;
			children = (
				D8A9BF032B63E4C900115D77 /* FinderViewState.swift */,
				D8A9BF072B63E51800115D77 /* FolderViewState.swift */,
			);
			path = States;
			sourceTree = "<group>";
		};
		D8A9BF0D2B63E59700115D77 /* Views */ = {
			isa = PBXGroup;
			children = (
				D8A9BF102B63E5B700115D77 /* RepositoryEditorView.swift */,
				D87BB58C2B6BB777004222F8 /* RepositoryManagerView.swift */,
				D87BB5902B6BBBC7004222F8 /* RepositoryView.swift */,
				D87BB5942B6BCE71004222F8 /* HostManagmentView.swift */,
				D8874E622B6C6C6C0062A920 /* ProjectManagmentView.swift */,
				D8CA54A42B74FFD6009D5770 /* QuickOpenView.swift */,
				D8AA4C1D2B9BFD4300CB00D1 /* ContactView.swift */,
			);
			path = Views;
			sourceTree = "<group>";
		};
		D8A9BF0E2B63E59C00115D77 /* States */ = {
			isa = PBXGroup;
			children = (
				D8A9BF122B63E60D00115D77 /* RepositoryEditorViewState.swift */,
				D87BB58E2B6BBB25004222F8 /* RepositoryManagmentViewState.swift */,
				D87BB5922B6BBC63004222F8 /* RepositoryViewState.swift */,
				D87BB5962B6BCEB0004222F8 /* HostManagamentViewState.swift */,
				D8874E602B6C6A4E0062A920 /* ProjectManagementViewState.swift */,
				D8F89CCF2B753BF800444923 /* QuickOpenViewState.swift */,
			);
			path = States;
			sourceTree = "<group>";
		};
		D8A9BF0F2B63E5A100115D77 /* Managers */ = {
			isa = PBXGroup;
			children = (
				D80881E52B63DEE900582C41 /* RepositoryEditorViewManager.swift */,
				D87BB5982B6C1BB7004222F8 /* HostManager.swift */,
				D87BB59F2B6C20DC004222F8 /* RepositoryManagmentViewManager.swift */,
				D8874E5E2B6C6A350062A920 /* ProjectsManager.swift */,
				D8874E642B6CEED10062A920 /* ConnectionManager.swift */,
				D8874E662B6CF2280062A920 /* RepositoryViewManager.swift */,
			);
			path = Managers;
			sourceTree = "<group>";
		};
		D8A9BF142B63E62A00115D77 /* Views */ = {
			isa = PBXGroup;
			children = (
				D8A9BF152B63E66C00115D77 /* RepositoryFilesView.swift */,
				D8A9BF172B63E6D000115D77 /* FileCellView.swift */,
			);
			path = Views;
			sourceTree = "<group>";
		};
		D8A9BF192B63E6E400115D77 /* State */ = {
			isa = PBXGroup;
			children = (
				D8A9BF1A2B63E6FF00115D77 /* FileCellViewState.swift */,
				D8A9BF1C2B63E74700115D77 /* RepositoryFilesViewState.swift */,
				D8F23A522B725A2600A47A13 /* ConnectionState.swift */,
			);
			path = State;
			sourceTree = "<group>";
		};
		D8F89CD12B7543F600444923 /* Models */ = {
			isa = PBXGroup;
			children = (
				D8F89CD22B7543FF00444923 /* TrieNode.swift */,
			);
			path = Models;
			sourceTree = "<group>";
		};
		D8F89CDB2B75449900444923 /* VisionCodeTests */ = {
			isa = PBXGroup;
			children = (
				D8F89CD42B75443100444923 /* TrieNodeTests.swift */,
				D8F89CDC2B75449900444923 /* VisionCodeTests.swift */,
			);
			path = VisionCodeTests;
			sourceTree = "<group>";
		};
		D8FC3F1A2B5DD39E00C6E099 /* Frameworks */ = {
			isa = PBXGroup;
			children = (
			);
			name = Frameworks;
			sourceTree = "<group>";
		};
		D8FC3F1D2B5DF79D00C6E099 /* Terminal */ = {
			isa = PBXGroup;
			children = (
				D8FC3F182B5DA5CD00C6E099 /* Terminal.swift */,
				D8FC3F1E2B5DF7CA00C6E099 /* TerminalManager.swift */,
				D8FC3F202B5DF83300C6E099 /* Model.swift */,
				D80E37AC2B744A9B008D0FFA /* XTerm.swift */,
			);
			path = Terminal;
			sourceTree = "<group>";
		};
/* End PBXGroup section */

/* Begin PBXNativeTarget section */
		D840A6892B5A0A31002F3303 /* VisionCode */ = {
			isa = PBXNativeTarget;
			buildConfigurationList = D840A6992B5A0A32002F3303 /* Build configuration list for PBXNativeTarget "VisionCode" */;
			buildPhases = (
				D840A6862B5A0A31002F3303 /* Sources */,
				D840A6872B5A0A31002F3303 /* Frameworks */,
				D840A6882B5A0A31002F3303 /* Resources */,
			);
			buildRules = (
			);
			dependencies = (
			);
			name = VisionCode;
			packageProductDependencies = (
				D87BB59B2B6C1C41004222F8 /* Realm */,
				D8874E692B6D279D0062A920 /* SwiftTreeSitter */,
				D80E37AF2B744BC3008D0FFA /* SwiftTerm */,
				D80E37B12B744BC3008D0FFA /* SwiftTermFuzz */,
				D8B5333D2B95EF8200048303 /* CodeEditLanguages */,
				D8B533402B95EFF300048303 /* TextFormation */,
				D832FB5D2B95F16B00D7E3B2 /* VCRemoteCommand */,
				D80D08F62B98937500E5D7F7 /* RealmSwift */,
				D896700A2BA5FDCD00CF32F0 /* TextFormation */,
				D896700D2BA5FDF300CF32F0 /* VCRemoteCommand */,
				D89670102BA5FE4400CF32F0 /* CodeEditLanguages */,
				D898B7D22BA6039A003DD0B9 /* SwiftTerm */,
			);
			productName = VisionCode;
			productReference = D840A68A2B5A0A31002F3303 /* VisionCode.app */;
			productType = "com.apple.product-type.application";
		};
		D8F89CD92B75449900444923 /* VisionCodeTests */ = {
			isa = PBXNativeTarget;
			buildConfigurationList = D8F89CE02B75449900444923 /* Build configuration list for PBXNativeTarget "VisionCodeTests" */;
			buildPhases = (
				D8F89CD62B75449900444923 /* Sources */,
				D8F89CD72B75449900444923 /* Frameworks */,
				D8F89CD82B75449900444923 /* Resources */,
			);
			buildRules = (
			);
			dependencies = (
				D8F89CDF2B75449900444923 /* PBXTargetDependency */,
			);
			name = VisionCodeTests;
			productName = VisionCodeTests;
			productReference = D8F89CDA2B75449900444923 /* VisionCodeTests.xctest */;
			productType = "com.apple.product-type.bundle.unit-test";
		};
/* End PBXNativeTarget section */

/* Begin PBXProject section */
		D840A6822B5A0A31002F3303 /* Project object */ = {
			isa = PBXProject;
			attributes = {
				BuildIndependentTargetsInParallel = 1;
				LastSwiftUpdateCheck = 1520;
				LastUpgradeCheck = 1520;
				TargetAttributes = {
					D840A6892B5A0A31002F3303 = {
						CreatedOnToolsVersion = 15.2;
					};
					D8F89CD92B75449900444923 = {
						CreatedOnToolsVersion = 15.2;
						TestTargetID = D840A6892B5A0A31002F3303;
					};
				};
			};
			buildConfigurationList = D840A6852B5A0A31002F3303 /* Build configuration list for PBXProject "VisionCode" */;
			compatibilityVersion = "Xcode 14.0";
			developmentRegion = en;
			hasScannedForEncodings = 0;
			knownRegions = (
				en,
				Base,
			);
			mainGroup = D840A6812B5A0A31002F3303;
			packageReferences = (
				D840A6B02B5C4BB3002F3303 /* XCRemoteSwiftPackageReference "swift-nio" */,
				D840A6B12B5C4C26002F3303 /* XCRemoteSwiftPackageReference "swift-nio-ssh" */,
				D87BB59A2B6C1C41004222F8 /* XCRemoteSwiftPackageReference "realm-swift" */,
				D8874E682B6D279D0062A920 /* XCRemoteSwiftPackageReference "SwiftTreeSitter" */,
				D89670092BA5FDCD00CF32F0 /* XCRemoteSwiftPackageReference "TextFormation" */,
				D896700C2BA5FDF300CF32F0 /* XCRemoteSwiftPackageReference "VCRemoteCommand" */,
				D896700F2BA5FE4400CF32F0 /* XCRemoteSwiftPackageReference "CodeEditLanguages" */,
				D898B7D12BA6039A003DD0B9 /* XCRemoteSwiftPackageReference "SwiftTerm" */,
			);
			productRefGroup = D840A68B2B5A0A31002F3303 /* Products */;
			projectDirPath = "";
			projectRoot = "";
			targets = (
				D840A6892B5A0A31002F3303 /* VisionCode */,
				D8F89CD92B75449900444923 /* VisionCodeTests */,
			);
		};
/* End PBXProject section */

/* Begin PBXResourcesBuildPhase section */
		D840A6882B5A0A31002F3303 /* Resources */ = {
			isa = PBXResourcesBuildPhase;
			buildActionMask = 2147483647;
			files = (
				D840A6962B5A0A32002F3303 /* Preview Assets.xcassets in Resources */,
				D803F0FB2B89C939008DAE32 /* OneDark-Pro.json in Resources */,
				D840A6922B5A0A32002F3303 /* Assets.xcassets in Resources */,
			);
			runOnlyForDeploymentPostprocessing = 0;
		};
		D8F89CD82B75449900444923 /* Resources */ = {
			isa = PBXResourcesBuildPhase;
			buildActionMask = 2147483647;
			files = (
			);
			runOnlyForDeploymentPostprocessing = 0;
		};
/* End PBXResourcesBuildPhase section */

/* Begin PBXSourcesBuildPhase section */
		D840A6862B5A0A31002F3303 /* Sources */ = {
			isa = PBXSourcesBuildPhase;
			buildActionMask = 2147483647;
			files = (
				D87BB5932B6BBC63004222F8 /* RepositoryViewState.swift in Sources */,
				D8A9BF042B63E4C900115D77 /* FinderViewState.swift in Sources */,
				D80881DA2B63DC8300582C41 /* FinderViewManager.swift in Sources */,
				D8A9BF162B63E66C00115D77 /* RepositoryFilesView.swift in Sources */,
				D8FC3F212B5DF83300C6E099 /* Model.swift in Sources */,
				D80881FD2B63E27200582C41 /* Lambdas.swift in Sources */,
				D80881F52B63E16000582C41 /* EditorView.swift in Sources */,
				D8874E672B6CF2280062A920 /* RepositoryViewManager.swift in Sources */,
				D84FF79B2B691686008D99F7 /* Carrot.swift in Sources */,
				D8CCC70B2B66EE8100730B45 /* VCTextInputView.swift in Sources */,
				D81BAC672B6EB74200A080DF /* Highlighter.swift in Sources */,
				D8A9BF132B63E60D00115D77 /* RepositoryEditorViewState.swift in Sources */,
				D80881DC2B63DCF300582C41 /* RepositoryFileBrowserManager.swift in Sources */,
				D8A9BF0A2B63E54000115D77 /* FolderHeaderView.swift in Sources */,
				D81804B62B941C17006682D2 /* SimplePairInsertationFilter.swift in Sources */,
				D8A9BF012B63E33500115D77 /* FinderView.swift in Sources */,
				D8393BB62B6902DF004018DC /* FileViewToolBar.swift in Sources */,
				D8A9BF112B63E5B700115D77 /* RepositoryEditorView.swift in Sources */,
				D81804BC2B94E624006682D2 /* VCTextInputView+GroupEdits.swift in Sources */,
				D81804BA2B941D2B006682D2 /* DeleteWhitespaceFilter.swift in Sources */,
				D80881E62B63DEE900582C41 /* RepositoryEditorViewManager.swift in Sources */,
				D8A9BF1D2B63E74700115D77 /* RepositoryFilesViewState.swift in Sources */,
				D80881D82B63DBB500582C41 /* FinderFolderViewManager.swift in Sources */,
				D80E37AD2B744A9B008D0FFA /* XTerm.swift in Sources */,
				D8874E5F2B6C6A350062A920 /* ProjectsManager.swift in Sources */,
				D8DCDF7D2B9E149F00015BDA /* VCTextInputView+UIPointerInteractionDelegate.swift in Sources */,
				D8393BAE2B6870E9004018DC /* Models.swift in Sources */,
				D8FC3F1F2B5DF7CA00C6E099 /* TerminalManager.swift in Sources */,
				D870C6D32B6293BD0063D7D4 /* BreadthFirstPathTraversal.swift in Sources */,
				D87BB58D2B6BB777004222F8 /* RepositoryManagerView.swift in Sources */,
				D8393BB22B6871EE004018DC /* Recycler.swift in Sources */,
				D80881F02B63E07900582C41 /* FileViewState.swift in Sources */,
				D80881E12B63DE1C00582C41 /* Errors.swift in Sources */,
				D8EE47292B7CAFAB0073E129 /* FindViewController.swift in Sources */,
				D8CA54A52B74FFD6009D5770 /* QuickOpenView.swift in Sources */,
				D81804AE2B934F21006682D2 /* TextFilterManager.swift in Sources */,
				D81804B32B935F4B006682D2 /* VCTextInputView+TextInterface.swift in Sources */,
				D8F89CD02B753BF800444923 /* QuickOpenViewState.swift in Sources */,
				D87BB5952B6BCE71004222F8 /* HostManagmentView.swift in Sources */,
				D8FC3F192B5DA5CD00C6E099 /* Terminal.swift in Sources */,
				D80881F22B63E0B300582C41 /* Host.swift in Sources */,
				D8A9BF082B63E51800115D77 /* FolderViewState.swift in Sources */,
				D8874E632B6C6C6C0062A920 /* ProjectManagmentView.swift in Sources */,
				D84AAABE2B6510AF002B8E1E /* TextEditor.swift in Sources */,
				D8F89CD32B7543FF00444923 /* TrieNode.swift in Sources */,
				D87BB58A2B6ABBEB004222F8 /* EditMenu.swift in Sources */,
				D8874E612B6C6A4E0062A920 /* ProjectManagementViewState.swift in Sources */,
				D8A9BF062B63E4F400115D77 /* FolderView.swift in Sources */,
				D87BB5972B6BCEB0004222F8 /* HostManagamentViewState.swift in Sources */,
				D8393BB42B6872C6004018DC /* VCTextInputView+UITextInput.swift in Sources */,
				D8393BB02B687113004018DC /* GutterView.swift in Sources */,
				D80881FB2B63E25E00582C41 /* EditorErrors.swift in Sources */,
				D8F23A532B725A2600A47A13 /* ConnectionState.swift in Sources */,
				D81BAC6D2B6F29E100A080DF /* Theme.swift in Sources */,
				D8CCC7092B66E21000730B45 /* TextLayoutFragmentView.swift in Sources */,
				D84BD2752B848C2800CD709D /* TabWidth.swift in Sources */,
				D8A9BF182B63E6D000115D77 /* FileCellView.swift in Sources */,
				D80881EA2B63DFFE00582C41 /* FileViewManager.swift in Sources */,
				D80881F72B63E1AE00582C41 /* FileView.swift in Sources */,
				D84BD2732B83186D00CD709D /* TreeSitterManager.swift in Sources */,
				D87BB58F2B6BBB25004222F8 /* RepositoryManagmentViewState.swift in Sources */,
				D8874E652B6CEED10062A920 /* ConnectionManager.swift in Sources */,
				D81BAC692B6EB80200A080DF /* Content.swift in Sources */,
				D87BB5912B6BBBC7004222F8 /* RepositoryView.swift in Sources */,
				D8A9BF0C2B63E55100115D77 /* FileThumbnailView.swift in Sources */,
				D80881F92B63E23100582C41 /* EditorNavBarView.swift in Sources */,
				D81804B82B941CB6006682D2 /* DeleteBlockCloseFilter.swift in Sources */,
				D84BD2712B83183B00CD709D /* Tokenizer.swift in Sources */,
				D8AA4C1E2B9BFD4300CB00D1 /* ContactView.swift in Sources */,
				D87BB5992B6C1BB7004222F8 /* HostManager.swift in Sources */,
				D86985E52B9003850003A915 /* TextUndoManager.swift in Sources */,
				D8F23A552B725E7900A47A13 /* Connection.swift in Sources */,
				D8A9BF1B2B63E6FF00115D77 /* FileCellViewState.swift in Sources */,
				D840A68E2B5A0A31002F3303 /* VisionCodeApp.swift in Sources */,
				D80881DF2B63DD3A00582C41 /* File.swift in Sources */,
				D87BB5A02B6C20DC004222F8 /* RepositoryManagmentViewManager.swift in Sources */,
				D80881E82B63DFB300582C41 /* EditorViewManager.swift in Sources */,
				D80881EE2B63E06100582C41 /* EditorViewState.swift in Sources */,
			);
			runOnlyForDeploymentPostprocessing = 0;
		};
		D8F89CD62B75449900444923 /* Sources */ = {
			isa = PBXSourcesBuildPhase;
			buildActionMask = 2147483647;
			files = (
				D8F89CE42B75451900444923 /* TrieNode.swift in Sources */,
				D8F89CDD2B75449900444923 /* VisionCodeTests.swift in Sources */,
				D8F89CE32B7544CA00444923 /* TrieNodeTests.swift in Sources */,
			);
			runOnlyForDeploymentPostprocessing = 0;
		};
/* End PBXSourcesBuildPhase section */

/* Begin PBXTargetDependency section */
		D8F89CDF2B75449900444923 /* PBXTargetDependency */ = {
			isa = PBXTargetDependency;
			target = D840A6892B5A0A31002F3303 /* VisionCode */;
			targetProxy = D8F89CDE2B75449900444923 /* PBXContainerItemProxy */;
		};
/* End PBXTargetDependency section */

/* Begin XCBuildConfiguration section */
		D840A6972B5A0A32002F3303 /* Debug */ = {
			isa = XCBuildConfiguration;
			buildSettings = {
				ALWAYS_SEARCH_USER_PATHS = NO;
				ASSETCATALOG_COMPILER_GENERATE_SWIFT_ASSET_SYMBOL_EXTENSIONS = YES;
				CLANG_ANALYZER_NONNULL = YES;
				CLANG_ANALYZER_NUMBER_OBJECT_CONVERSION = YES_AGGRESSIVE;
				CLANG_CXX_LANGUAGE_STANDARD = "gnu++20";
				CLANG_ENABLE_MODULES = YES;
				CLANG_ENABLE_OBJC_ARC = YES;
				CLANG_ENABLE_OBJC_WEAK = YES;
				CLANG_WARN_BLOCK_CAPTURE_AUTORELEASING = YES;
				CLANG_WARN_BOOL_CONVERSION = YES;
				CLANG_WARN_COMMA = YES;
				CLANG_WARN_CONSTANT_CONVERSION = YES;
				CLANG_WARN_DEPRECATED_OBJC_IMPLEMENTATIONS = YES;
				CLANG_WARN_DIRECT_OBJC_ISA_USAGE = YES_ERROR;
				CLANG_WARN_DOCUMENTATION_COMMENTS = YES;
				CLANG_WARN_EMPTY_BODY = YES;
				CLANG_WARN_ENUM_CONVERSION = YES;
				CLANG_WARN_INFINITE_RECURSION = YES;
				CLANG_WARN_INT_CONVERSION = YES;
				CLANG_WARN_NON_LITERAL_NULL_CONVERSION = YES;
				CLANG_WARN_OBJC_IMPLICIT_RETAIN_SELF = YES;
				CLANG_WARN_OBJC_LITERAL_CONVERSION = YES;
				CLANG_WARN_OBJC_ROOT_CLASS = YES_ERROR;
				CLANG_WARN_QUOTED_INCLUDE_IN_FRAMEWORK_HEADER = YES;
				CLANG_WARN_RANGE_LOOP_ANALYSIS = YES;
				CLANG_WARN_STRICT_PROTOTYPES = YES;
				CLANG_WARN_SUSPICIOUS_MOVE = YES;
				CLANG_WARN_UNGUARDED_AVAILABILITY = YES_AGGRESSIVE;
				CLANG_WARN_UNREACHABLE_CODE = YES;
				CLANG_WARN__DUPLICATE_METHOD_MATCH = YES;
				COPY_PHASE_STRIP = NO;
				DEBUG_INFORMATION_FORMAT = dwarf;
				ENABLE_STRICT_OBJC_MSGSEND = YES;
				ENABLE_TESTABILITY = YES;
				ENABLE_USER_SCRIPT_SANDBOXING = YES;
				GCC_C_LANGUAGE_STANDARD = gnu17;
				GCC_DYNAMIC_NO_PIC = NO;
				GCC_NO_COMMON_BLOCKS = YES;
				GCC_OPTIMIZATION_LEVEL = 0;
				GCC_PREPROCESSOR_DEFINITIONS = (
					"DEBUG=1",
					"$(inherited)",
				);
				GCC_WARN_64_TO_32_BIT_CONVERSION = YES;
				GCC_WARN_ABOUT_RETURN_TYPE = YES_ERROR;
				GCC_WARN_UNDECLARED_SELECTOR = YES;
				GCC_WARN_UNINITIALIZED_AUTOS = YES_AGGRESSIVE;
				GCC_WARN_UNUSED_FUNCTION = YES;
				GCC_WARN_UNUSED_VARIABLE = YES;
				LOCALIZATION_PREFERS_STRING_CATALOGS = YES;
				MTL_ENABLE_DEBUG_INFO = INCLUDE_SOURCE;
				MTL_FAST_MATH = YES;
				ONLY_ACTIVE_ARCH = YES;
				SWIFT_ACTIVE_COMPILATION_CONDITIONS = "DEBUG $(inherited)";
				SWIFT_OPTIMIZATION_LEVEL = "-Onone";
			};
			name = Debug;
		};
		D840A6982B5A0A32002F3303 /* Release */ = {
			isa = XCBuildConfiguration;
			buildSettings = {
				ALWAYS_SEARCH_USER_PATHS = NO;
				ASSETCATALOG_COMPILER_GENERATE_SWIFT_ASSET_SYMBOL_EXTENSIONS = YES;
				CLANG_ANALYZER_NONNULL = YES;
				CLANG_ANALYZER_NUMBER_OBJECT_CONVERSION = YES_AGGRESSIVE;
				CLANG_CXX_LANGUAGE_STANDARD = "gnu++20";
				CLANG_ENABLE_MODULES = YES;
				CLANG_ENABLE_OBJC_ARC = YES;
				CLANG_ENABLE_OBJC_WEAK = YES;
				CLANG_WARN_BLOCK_CAPTURE_AUTORELEASING = YES;
				CLANG_WARN_BOOL_CONVERSION = YES;
				CLANG_WARN_COMMA = YES;
				CLANG_WARN_CONSTANT_CONVERSION = YES;
				CLANG_WARN_DEPRECATED_OBJC_IMPLEMENTATIONS = YES;
				CLANG_WARN_DIRECT_OBJC_ISA_USAGE = YES_ERROR;
				CLANG_WARN_DOCUMENTATION_COMMENTS = YES;
				CLANG_WARN_EMPTY_BODY = YES;
				CLANG_WARN_ENUM_CONVERSION = YES;
				CLANG_WARN_INFINITE_RECURSION = YES;
				CLANG_WARN_INT_CONVERSION = YES;
				CLANG_WARN_NON_LITERAL_NULL_CONVERSION = YES;
				CLANG_WARN_OBJC_IMPLICIT_RETAIN_SELF = YES;
				CLANG_WARN_OBJC_LITERAL_CONVERSION = YES;
				CLANG_WARN_OBJC_ROOT_CLASS = YES_ERROR;
				CLANG_WARN_QUOTED_INCLUDE_IN_FRAMEWORK_HEADER = YES;
				CLANG_WARN_RANGE_LOOP_ANALYSIS = YES;
				CLANG_WARN_STRICT_PROTOTYPES = YES;
				CLANG_WARN_SUSPICIOUS_MOVE = YES;
				CLANG_WARN_UNGUARDED_AVAILABILITY = YES_AGGRESSIVE;
				CLANG_WARN_UNREACHABLE_CODE = YES;
				CLANG_WARN__DUPLICATE_METHOD_MATCH = YES;
				COPY_PHASE_STRIP = NO;
				DEBUG_INFORMATION_FORMAT = "dwarf-with-dsym";
				ENABLE_NS_ASSERTIONS = NO;
				ENABLE_STRICT_OBJC_MSGSEND = YES;
				ENABLE_USER_SCRIPT_SANDBOXING = YES;
				GCC_C_LANGUAGE_STANDARD = gnu17;
				GCC_NO_COMMON_BLOCKS = YES;
				GCC_WARN_64_TO_32_BIT_CONVERSION = YES;
				GCC_WARN_ABOUT_RETURN_TYPE = YES_ERROR;
				GCC_WARN_UNDECLARED_SELECTOR = YES;
				GCC_WARN_UNINITIALIZED_AUTOS = YES_AGGRESSIVE;
				GCC_WARN_UNUSED_FUNCTION = YES;
				GCC_WARN_UNUSED_VARIABLE = YES;
				LOCALIZATION_PREFERS_STRING_CATALOGS = YES;
				MTL_ENABLE_DEBUG_INFO = NO;
				MTL_FAST_MATH = YES;
				SWIFT_COMPILATION_MODE = wholemodule;
			};
			name = Release;
		};
		D840A69A2B5A0A32002F3303 /* Debug */ = {
			isa = XCBuildConfiguration;
			buildSettings = {
				ASSETCATALOG_COMPILER_APPICON_NAME = AppIcon;
				ASSETCATALOG_COMPILER_GLOBAL_ACCENT_COLOR_NAME = AccentColor;
				CODE_SIGN_ENTITLEMENTS = VisionCode/VisionCode.entitlements;
				CODE_SIGN_STYLE = Automatic;
				CURRENT_PROJECT_VERSION = 1;
				DEVELOPMENT_ASSET_PATHS = "\"VisionCode/Preview Content\"";
				DEVELOPMENT_TEAM = 4VW34KGRW8;
				ENABLE_PREVIEWS = YES;
				GENERATE_INFOPLIST_FILE = YES;
				INFOPLIST_FILE = VisionCode/Info.plist;
				INFOPLIST_KEY_UIApplicationSceneManifest_Generation = YES;
				"INFOPLIST_KEY_UIApplicationSceneManifest_Generation[sdk=iphoneos*]" = YES;
				"INFOPLIST_KEY_UIApplicationSceneManifest_Generation[sdk=iphonesimulator*]" = YES;
				"INFOPLIST_KEY_UIApplicationSupportsIndirectInputEvents[sdk=iphoneos*]" = YES;
				"INFOPLIST_KEY_UIApplicationSupportsIndirectInputEvents[sdk=iphonesimulator*]" = YES;
				"INFOPLIST_KEY_UILaunchScreen_Generation[sdk=iphoneos*]" = YES;
				"INFOPLIST_KEY_UILaunchScreen_Generation[sdk=iphonesimulator*]" = YES;
				"INFOPLIST_KEY_UIStatusBarStyle[sdk=iphoneos*]" = UIStatusBarStyleDefault;
				"INFOPLIST_KEY_UIStatusBarStyle[sdk=iphonesimulator*]" = UIStatusBarStyleDefault;
				INFOPLIST_KEY_UISupportedInterfaceOrientations_iPad = "UIInterfaceOrientationPortrait UIInterfaceOrientationPortraitUpsideDown UIInterfaceOrientationLandscapeLeft UIInterfaceOrientationLandscapeRight";
				INFOPLIST_KEY_UISupportedInterfaceOrientations_iPhone = "UIInterfaceOrientationPortrait UIInterfaceOrientationLandscapeLeft UIInterfaceOrientationLandscapeRight";
				IPHONEOS_DEPLOYMENT_TARGET = 17.2;
				LD_RUNPATH_SEARCH_PATHS = "@executable_path/Frameworks";
				"LD_RUNPATH_SEARCH_PATHS[sdk=macosx*]" = "@executable_path/../Frameworks";
				MACOSX_DEPLOYMENT_TARGET = 14.2;
				MARKETING_VERSION = 1.0;
				PRODUCT_BUNDLE_IDENTIFIER = michaelcrabtree.VisionCode;
				PRODUCT_NAME = "$(TARGET_NAME)";
				SDKROOT = auto;
				SUPPORTED_PLATFORMS = "xros xrsimulator";
				SUPPORTS_MACCATALYST = NO;
				SWIFT_EMIT_LOC_STRINGS = YES;
				SWIFT_VERSION = 5.0;
				TARGETED_DEVICE_FAMILY = 7;
			};
			name = Debug;
		};
		D840A69B2B5A0A32002F3303 /* Release */ = {
			isa = XCBuildConfiguration;
			buildSettings = {
				ASSETCATALOG_COMPILER_APPICON_NAME = AppIcon;
				ASSETCATALOG_COMPILER_GLOBAL_ACCENT_COLOR_NAME = AccentColor;
				CODE_SIGN_ENTITLEMENTS = VisionCode/VisionCode.entitlements;
				CODE_SIGN_STYLE = Automatic;
				CURRENT_PROJECT_VERSION = 1;
				DEVELOPMENT_ASSET_PATHS = "\"VisionCode/Preview Content\"";
				DEVELOPMENT_TEAM = 4VW34KGRW8;
				ENABLE_PREVIEWS = YES;
				GENERATE_INFOPLIST_FILE = YES;
				INFOPLIST_FILE = VisionCode/Info.plist;
				INFOPLIST_KEY_UIApplicationSceneManifest_Generation = YES;
				"INFOPLIST_KEY_UIApplicationSceneManifest_Generation[sdk=iphoneos*]" = YES;
				"INFOPLIST_KEY_UIApplicationSceneManifest_Generation[sdk=iphonesimulator*]" = YES;
				"INFOPLIST_KEY_UIApplicationSupportsIndirectInputEvents[sdk=iphoneos*]" = YES;
				"INFOPLIST_KEY_UIApplicationSupportsIndirectInputEvents[sdk=iphonesimulator*]" = YES;
				"INFOPLIST_KEY_UILaunchScreen_Generation[sdk=iphoneos*]" = YES;
				"INFOPLIST_KEY_UILaunchScreen_Generation[sdk=iphonesimulator*]" = YES;
				"INFOPLIST_KEY_UIStatusBarStyle[sdk=iphoneos*]" = UIStatusBarStyleDefault;
				"INFOPLIST_KEY_UIStatusBarStyle[sdk=iphonesimulator*]" = UIStatusBarStyleDefault;
				INFOPLIST_KEY_UISupportedInterfaceOrientations_iPad = "UIInterfaceOrientationPortrait UIInterfaceOrientationPortraitUpsideDown UIInterfaceOrientationLandscapeLeft UIInterfaceOrientationLandscapeRight";
				INFOPLIST_KEY_UISupportedInterfaceOrientations_iPhone = "UIInterfaceOrientationPortrait UIInterfaceOrientationLandscapeLeft UIInterfaceOrientationLandscapeRight";
				IPHONEOS_DEPLOYMENT_TARGET = 17.2;
				LD_RUNPATH_SEARCH_PATHS = "@executable_path/Frameworks";
				"LD_RUNPATH_SEARCH_PATHS[sdk=macosx*]" = "@executable_path/../Frameworks";
				MACOSX_DEPLOYMENT_TARGET = 14.2;
				MARKETING_VERSION = 1.0;
				PRODUCT_BUNDLE_IDENTIFIER = michaelcrabtree.VisionCode;
				PRODUCT_NAME = "$(TARGET_NAME)";
				SDKROOT = auto;
				SUPPORTED_PLATFORMS = "xros xrsimulator";
				SUPPORTS_MACCATALYST = NO;
				SWIFT_EMIT_LOC_STRINGS = YES;
				SWIFT_VERSION = 5.0;
				TARGETED_DEVICE_FAMILY = 7;
			};
			name = Release;
		};
		D8F89CE12B75449900444923 /* Debug */ = {
			isa = XCBuildConfiguration;
			buildSettings = {
				BUNDLE_LOADER = "$(TEST_HOST)";
				CODE_SIGN_STYLE = Automatic;
				CURRENT_PROJECT_VERSION = 1;
				GENERATE_INFOPLIST_FILE = YES;
				MARKETING_VERSION = 1.0;
				PRODUCT_BUNDLE_IDENTIFIER = michaelcrabtree.VisionCodeTests;
				PRODUCT_NAME = "$(TARGET_NAME)";
				SDKROOT = xros;
				SUPPORTED_PLATFORMS = "xros xrsimulator";
				SWIFT_EMIT_LOC_STRINGS = NO;
				SWIFT_VERSION = 5.0;
				TARGETED_DEVICE_FAMILY = "1,2,7";
				TEST_HOST = "$(BUILT_PRODUCTS_DIR)/VisionCode.app/$(BUNDLE_EXECUTABLE_FOLDER_PATH)/VisionCode";
				XROS_DEPLOYMENT_TARGET = 1.0;
			};
			name = Debug;
		};
		D8F89CE22B75449900444923 /* Release */ = {
			isa = XCBuildConfiguration;
			buildSettings = {
				BUNDLE_LOADER = "$(TEST_HOST)";
				CODE_SIGN_STYLE = Automatic;
				CURRENT_PROJECT_VERSION = 1;
				GENERATE_INFOPLIST_FILE = YES;
				MARKETING_VERSION = 1.0;
				PRODUCT_BUNDLE_IDENTIFIER = michaelcrabtree.VisionCodeTests;
				PRODUCT_NAME = "$(TARGET_NAME)";
				SDKROOT = xros;
				SUPPORTED_PLATFORMS = "xros xrsimulator";
				SWIFT_EMIT_LOC_STRINGS = NO;
				SWIFT_VERSION = 5.0;
				TARGETED_DEVICE_FAMILY = "1,2,7";
				TEST_HOST = "$(BUILT_PRODUCTS_DIR)/VisionCode.app/$(BUNDLE_EXECUTABLE_FOLDER_PATH)/VisionCode";
				VALIDATE_PRODUCT = YES;
				XROS_DEPLOYMENT_TARGET = 1.0;
			};
			name = Release;
		};
/* End XCBuildConfiguration section */

/* Begin XCConfigurationList section */
		D840A6852B5A0A31002F3303 /* Build configuration list for PBXProject "VisionCode" */ = {
			isa = XCConfigurationList;
			buildConfigurations = (
				D840A6972B5A0A32002F3303 /* Debug */,
				D840A6982B5A0A32002F3303 /* Release */,
			);
			defaultConfigurationIsVisible = 0;
			defaultConfigurationName = Release;
		};
		D840A6992B5A0A32002F3303 /* Build configuration list for PBXNativeTarget "VisionCode" */ = {
			isa = XCConfigurationList;
			buildConfigurations = (
				D840A69A2B5A0A32002F3303 /* Debug */,
				D840A69B2B5A0A32002F3303 /* Release */,
			);
			defaultConfigurationIsVisible = 0;
			defaultConfigurationName = Release;
		};
		D8F89CE02B75449900444923 /* Build configuration list for PBXNativeTarget "VisionCodeTests" */ = {
			isa = XCConfigurationList;
			buildConfigurations = (
				D8F89CE12B75449900444923 /* Debug */,
				D8F89CE22B75449900444923 /* Release */,
			);
			defaultConfigurationIsVisible = 0;
			defaultConfigurationName = Release;
		};
/* End XCConfigurationList section */

/* Begin XCRemoteSwiftPackageReference section */
		D840A6B02B5C4BB3002F3303 /* XCRemoteSwiftPackageReference "swift-nio" */ = {
			isa = XCRemoteSwiftPackageReference;
			repositoryURL = "https://github.com/apple/swift-nio.git";
			requirement = {
				kind = upToNextMajorVersion;
				minimumVersion = 2.62.0;
			};
		};
		D840A6B12B5C4C26002F3303 /* XCRemoteSwiftPackageReference "swift-nio-ssh" */ = {
			isa = XCRemoteSwiftPackageReference;
			repositoryURL = "https://github.com/apple/swift-nio-ssh";
			requirement = {
				kind = upToNextMajorVersion;
				minimumVersion = 0.8.0;
			};
		};
		D87BB59A2B6C1C41004222F8 /* XCRemoteSwiftPackageReference "realm-swift" */ = {
			isa = XCRemoteSwiftPackageReference;
			repositoryURL = "https://github.com/realm/realm-swift.git";
			requirement = {
				branch = master;
				kind = branch;
			};
		};
		D8874E682B6D279D0062A920 /* XCRemoteSwiftPackageReference "SwiftTreeSitter" */ = {
			isa = XCRemoteSwiftPackageReference;
			repositoryURL = "https://github.com/ChimeHQ/SwiftTreeSitter";
			requirement = {
				kind = upToNextMajorVersion;
				minimumVersion = 0.8.0;
			};
		};
		D89670092BA5FDCD00CF32F0 /* XCRemoteSwiftPackageReference "TextFormation" */ = {
			isa = XCRemoteSwiftPackageReference;
			repositoryURL = "https://github.com/ChimeHQ/TextFormation";
			requirement = {
				kind = revision;
				revision = 284f40302ce797a47a090a884bc6886b275a07ac;
			};
		};
		D896700C2BA5FDF300CF32F0 /* XCRemoteSwiftPackageReference "VCRemoteCommand" */ = {
			isa = XCRemoteSwiftPackageReference;
			repositoryURL = "https://github.com/crabtree-michael/VCRemoteCommand";
			requirement = {
				kind = revision;
				revision = 0648b2d39dc3b18de5725203005b028370d41435;
			};
		};
		D896700F2BA5FE4400CF32F0 /* XCRemoteSwiftPackageReference "CodeEditLanguages" */ = {
			isa = XCRemoteSwiftPackageReference;
			repositoryURL = "https://github.com/crabtree-michael/CodeEditLanguages";
			requirement = {
				kind = revision;
				revision = 3d3c63b9ec49f496058a6301803ddfcd9d149cb1;
			};
		};
		D898B7D12BA6039A003DD0B9 /* XCRemoteSwiftPackageReference "SwiftTerm" */ = {
			isa = XCRemoteSwiftPackageReference;
			repositoryURL = "https://github.com/crabtree-michael/SwiftTerm";
			requirement = {
				branch = visioncode;
				kind = branch;
			};
		};
/* End XCRemoteSwiftPackageReference section */

/* Begin XCSwiftPackageProductDependency section */
		D80D08F62B98937500E5D7F7 /* RealmSwift */ = {
			isa = XCSwiftPackageProductDependency;
			package = D87BB59A2B6C1C41004222F8 /* XCRemoteSwiftPackageReference "realm-swift" */;
			productName = RealmSwift;
		};
		D80E37AF2B744BC3008D0FFA /* SwiftTerm */ = {
			isa = XCSwiftPackageProductDependency;
			productName = SwiftTerm;
		};
		D80E37B12B744BC3008D0FFA /* SwiftTermFuzz */ = {
			isa = XCSwiftPackageProductDependency;
			productName = SwiftTermFuzz;
		};
		D832FB5D2B95F16B00D7E3B2 /* VCRemoteCommand */ = {
			isa = XCSwiftPackageProductDependency;
			productName = VCRemoteCommand;
		};
		D87BB59B2B6C1C41004222F8 /* Realm */ = {
			isa = XCSwiftPackageProductDependency;
			package = D87BB59A2B6C1C41004222F8 /* XCRemoteSwiftPackageReference "realm-swift" */;
			productName = Realm;
		};
		D8874E692B6D279D0062A920 /* SwiftTreeSitter */ = {
			isa = XCSwiftPackageProductDependency;
			package = D8874E682B6D279D0062A920 /* XCRemoteSwiftPackageReference "SwiftTreeSitter" */;
			productName = SwiftTreeSitter;
		};
		D896700A2BA5FDCD00CF32F0 /* TextFormation */ = {
			isa = XCSwiftPackageProductDependency;
			package = D89670092BA5FDCD00CF32F0 /* XCRemoteSwiftPackageReference "TextFormation" */;
			productName = TextFormation;
		};
		D896700D2BA5FDF300CF32F0 /* VCRemoteCommand */ = {
			isa = XCSwiftPackageProductDependency;
			package = D896700C2BA5FDF300CF32F0 /* XCRemoteSwiftPackageReference "VCRemoteCommand" */;
			productName = VCRemoteCommand;
		};
		D89670102BA5FE4400CF32F0 /* CodeEditLanguages */ = {
			isa = XCSwiftPackageProductDependency;
			package = D896700F2BA5FE4400CF32F0 /* XCRemoteSwiftPackageReference "CodeEditLanguages" */;
			productName = CodeEditLanguages;
		};
		D898B7D22BA6039A003DD0B9 /* SwiftTerm */ = {
			isa = XCSwiftPackageProductDependency;
			package = D898B7D12BA6039A003DD0B9 /* XCRemoteSwiftPackageReference "SwiftTerm" */;
			productName = SwiftTerm;
		};
		D8B5333D2B95EF8200048303 /* CodeEditLanguages */ = {
			isa = XCSwiftPackageProductDependency;
			productName = CodeEditLanguages;
		};
		D8B533402B95EFF300048303 /* TextFormation */ = {
			isa = XCSwiftPackageProductDependency;
			productName = TextFormation;
		};
/* End XCSwiftPackageProductDependency section */
	};
	rootObject = D840A6822B5A0A31002F3303 /* Project object */;
}
